
Microsoft Visual Studio Solution File, Format Version 12.00
# Visual Studio 14
VisualStudioVersion = 14.0.25420.1
MinimumVisualStudioVersion = 10.0.40219.1
Project("{2150E333-8FDC-42A3-9474-1A3956D46DE8}") = "src", "src", "{34AA7748-ED6F-463E-9662-1DF02FCBBB94}"
EndProject
Project("{2150E333-8FDC-42A3-9474-1A3956D46DE8}") = "Solution Items", "Solution Items", "{1EB5EC1C-32B6-466C-9CB4-1133F1579951}"
	ProjectSection(SolutionItems) = preProject
		Database.xml = Database.xml
		global.json = global.json
	EndProjectSection
EndProject
Project("{8BB2217D-0F2D-49D1-97BC-3654ED321F3B}") = "AncientMinotaurs", "src\AncientMinotaurs\AncientMinotaurs.xproj", "{D78D241F-BFAF-4C18-B5B6-7F1DB4522EE4}"
EndProject
Project("{2150E333-8FDC-42A3-9474-1A3956D46DE8}") = "tests", "tests", "{98F806A4-0D8F-45A9-AE99-B6B01AD7007D}"
EndProject
Project("{8BB2217D-0F2D-49D1-97BC-3654ED321F3B}") = "AncientMinotaurs.Tests", "AncientMinotaurs.Tests\AncientMinotaurs.Tests.xproj", "{0F539C0C-5BCE-4DFD-9DB5-C5546B36E9A7}"
EndProject
Global
	GlobalSection(SolutionConfigurationPlatforms) = preSolution
		Debug|Any CPU = Debug|Any CPU
		Release|Any CPU = Release|Any CPU
	EndGlobalSection
	GlobalSection(ProjectConfigurationPlatforms) = postSolution
		{D78D241F-BFAF-4C18-B5B6-7F1DB4522EE4}.Debug|Any CPU.ActiveCfg = Debug|Any CPU
		{D78D241F-BFAF-4C18-B5B6-7F1DB4522EE4}.Debug|Any CPU.Build.0 = Debug|Any CPU
		{D78D241F-BFAF-4C18-B5B6-7F1DB4522EE4}.Release|Any CPU.ActiveCfg = Release|Any CPU
		{D78D241F-BFAF-4C18-B5B6-7F1DB4522EE4}.Release|Any CPU.Build.0 = Release|Any CPU
		{0F539C0C-5BCE-4DFD-9DB5-C5546B36E9A7}.Debug|Any CPU.ActiveCfg = Debug|Any CPU
		{0F539C0C-5BCE-4DFD-9DB5-C5546B36E9A7}.Debug|Any CPU.Build.0 = Debug|Any CPU
		{0F539C0C-5BCE-4DFD-9DB5-C5546B36E9A7}.Release|Any CPU.ActiveCfg = Release|Any CPU
		{0F539C0C-5BCE-4DFD-9DB5-C5546B36E9A7}.Release|Any CPU.Build.0 = Release|Any CPU
	EndGlobalSection
	GlobalSection(SolutionProperties) = preSolution
		HideSolutionNode = FALSE
	EndGlobalSection
	GlobalSection(NestedProjects) = preSolution
		{D78D241F-BFAF-4C18-B5B6-7F1DB4522EE4} = {34AA7748-ED6F-463E-9662-1DF02FCBBB94}
		{0F539C0C-5BCE-4DFD-9DB5-C5546B36E9A7} = {98F806A4-0D8F-45A9-AE99-B6B01AD7007D}
	EndGlobalSection
EndGlobal
